// !$*UTF8*$!
{
	archiveVersion = 1;
	classes = {
	};
	objectVersion = 46;
	objects = {

/* Begin PBXBuildFile section */
		09098BF4DCE71EA7CEDD031D /* Pods_AlamofireCustom.framework in Frameworks */ = {isa = PBXBuildFile; fileRef = 0D57B3D4B537C29C5B8F11D2 /* Pods_AlamofireCustom.framework */; };
		F24538581E248F430029FEAD /* AppDelegate.swift in Sources */ = {isa = PBXBuildFile; fileRef = F24538571E248F430029FEAD /* AppDelegate.swift */; };
		F245385A1E248F430029FEAD /* ViewController.swift in Sources */ = {isa = PBXBuildFile; fileRef = F24538591E248F430029FEAD /* ViewController.swift */; };
		F245385D1E248F430029FEAD /* Main.storyboard in Resources */ = {isa = PBXBuildFile; fileRef = F245385B1E248F430029FEAD /* Main.storyboard */; };
		F245385F1E248F430029FEAD /* Assets.xcassets in Resources */ = {isa = PBXBuildFile; fileRef = F245385E1E248F430029FEAD /* Assets.xcassets */; };
		F24538621E248F430029FEAD /* LaunchScreen.storyboard in Resources */ = {isa = PBXBuildFile; fileRef = F24538601E248F430029FEAD /* LaunchScreen.storyboard */; };
		F245386A1E2495640029FEAD /* SignInViewControllerViewController.swift in Sources */ = {isa = PBXBuildFile; fileRef = F24538691E2495640029FEAD /* SignInViewControllerViewController.swift */; };
		F245386D1E2496C60029FEAD /* NSDictionary+Extension.swift in Sources */ = {isa = PBXBuildFile; fileRef = F245386C1E2496C60029FEAD /* NSDictionary+Extension.swift */; };
		F24538791E24B0DF0029FEAD /* QuyAlamofire.swift in Sources */ = {isa = PBXBuildFile; fileRef = F24538781E24B0DF0029FEAD /* QuyAlamofire.swift */; };
		F2F20E431E2605E600280BA8 /* libwelfare-core-ios.a in Frameworks */ = {isa = PBXBuildFile; fileRef = F2F20E421E2605DA00280BA8 /* libwelfare-core-ios.a */; };
/* End PBXBuildFile section */

/* Begin PBXContainerItemProxy section */
		F2F20E411E2605DA00280BA8 /* PBXContainerItemProxy */ = {
			isa = PBXContainerItemProxy;
			containerPortal = F2F20E3D1E2605D900280BA8 /* welfare-core-ios.xcodeproj */;
			proxyType = 2;
			remoteGlobalIDString = 5B02604D1D2C9E36001FFBA5;
			remoteInfo = "welfare-core-ios";
		};
/* End PBXContainerItemProxy section */

/* Begin PBXFileReference section */
		0D57B3D4B537C29C5B8F11D2 /* Pods_AlamofireCustom.framework */ = {isa = PBXFileReference; explicitFileType = wrapper.framework; includeInIndex = 0; path = Pods_AlamofireCustom.framework; sourceTree = BUILT_PRODUCTS_DIR; };
		904C34FDE022AF7ECFDE8560 /* Pods-AlamofireCustom.release.xcconfig */ = {isa = PBXFileReference; includeInIndex = 1; lastKnownFileType = text.xcconfig; name = "Pods-AlamofireCustom.release.xcconfig"; path = "Pods/Target Support Files/Pods-AlamofireCustom/Pods-AlamofireCustom.release.xcconfig"; sourceTree = "<group>"; };
		97E5294FABD19AFA5B33DEBE /* Pods-AlamofireCustom.debug.xcconfig */ = {isa = PBXFileReference; includeInIndex = 1; lastKnownFileType = text.xcconfig; name = "Pods-AlamofireCustom.debug.xcconfig"; path = "Pods/Target Support Files/Pods-AlamofireCustom/Pods-AlamofireCustom.debug.xcconfig"; sourceTree = "<group>"; };
		F24538541E248F430029FEAD /* AlamofireCustom.app */ = {isa = PBXFileReference; explicitFileType = wrapper.application; includeInIndex = 0; path = AlamofireCustom.app; sourceTree = BUILT_PRODUCTS_DIR; };
		F24538571E248F430029FEAD /* AppDelegate.swift */ = {isa = PBXFileReference; lastKnownFileType = sourcecode.swift; path = AppDelegate.swift; sourceTree = "<group>"; };
		F24538591E248F430029FEAD /* ViewController.swift */ = {isa = PBXFileReference; lastKnownFileType = sourcecode.swift; path = ViewController.swift; sourceTree = "<group>"; };
		F245385C1E248F430029FEAD /* Base */ = {isa = PBXFileReference; lastKnownFileType = file.storyboard; name = Base; path = Base.lproj/Main.storyboard; sourceTree = "<group>"; };
		F245385E1E248F430029FEAD /* Assets.xcassets */ = {isa = PBXFileReference; lastKnownFileType = folder.assetcatalog; path = Assets.xcassets; sourceTree = "<group>"; };
		F24538611E248F430029FEAD /* Base */ = {isa = PBXFileReference; lastKnownFileType = file.storyboard; name = Base; path = Base.lproj/LaunchScreen.storyboard; sourceTree = "<group>"; };
		F24538631E248F430029FEAD /* Info.plist */ = {isa = PBXFileReference; lastKnownFileType = text.plist.xml; path = Info.plist; sourceTree = "<group>"; };
		F24538691E2495640029FEAD /* SignInViewControllerViewController.swift */ = {isa = PBXFileReference; fileEncoding = 4; lastKnownFileType = sourcecode.swift; path = SignInViewControllerViewController.swift; sourceTree = "<group>"; };
		F245386C1E2496C60029FEAD /* NSDictionary+Extension.swift */ = {isa = PBXFileReference; fileEncoding = 4; lastKnownFileType = sourcecode.swift; path = "NSDictionary+Extension.swift"; sourceTree = "<group>"; };
		F24538761E24994B0029FEAD /* AlamofireCustom-Bridging-Header.h */ = {isa = PBXFileReference; lastKnownFileType = sourcecode.c.h; path = "AlamofireCustom-Bridging-Header.h"; sourceTree = SOURCE_ROOT; };
		F24538781E24B0DF0029FEAD /* QuyAlamofire.swift */ = {isa = PBXFileReference; fileEncoding = 4; lastKnownFileType = sourcecode.swift; path = QuyAlamofire.swift; sourceTree = "<group>"; };
		F2F20E3D1E2605D900280BA8 /* welfare-core-ios.xcodeproj */ = {isa = PBXFileReference; lastKnownFileType = "wrapper.pb-project"; name = "welfare-core-ios.xcodeproj"; path = "welfare-core-ios/welfare-core-ios.xcodeproj"; sourceTree = "<group>"; };
/* End PBXFileReference section */

/* Begin PBXFrameworksBuildPhase section */
		F24538511E248F430029FEAD /* Frameworks */ = {
			isa = PBXFrameworksBuildPhase;
			buildActionMask = 2147483647;
			files = (
				F2F20E431E2605E600280BA8 /* libwelfare-core-ios.a in Frameworks */,
				09098BF4DCE71EA7CEDD031D /* Pods_AlamofireCustom.framework in Frameworks */,
			);
			runOnlyForDeploymentPostprocessing = 0;
		};
/* End PBXFrameworksBuildPhase section */

/* Begin PBXGroup section */
		BA0D8F6B40468A015791CA62 /* Pods */ = {
			isa = PBXGroup;
			children = (
				97E5294FABD19AFA5B33DEBE /* Pods-AlamofireCustom.debug.xcconfig */,
				904C34FDE022AF7ECFDE8560 /* Pods-AlamofireCustom.release.xcconfig */,
			);
			name = Pods;
			sourceTree = "<group>";
		};
		E2364CCC2758D26D43300219 /* Frameworks */ = {
			isa = PBXGroup;
			children = (
				0D57B3D4B537C29C5B8F11D2 /* Pods_AlamofireCustom.framework */,
			);
			name = Frameworks;
			sourceTree = "<group>";
		};
		F245384B1E248F430029FEAD = {
			isa = PBXGroup;
			children = (
				F2F20E3D1E2605D900280BA8 /* welfare-core-ios.xcodeproj */,
				F24538561E248F430029FEAD /* AlamofireCustom */,
				F24538551E248F430029FEAD /* Products */,
				BA0D8F6B40468A015791CA62 /* Pods */,
				E2364CCC2758D26D43300219 /* Frameworks */,
			);
			sourceTree = "<group>";
		};
		F24538551E248F430029FEAD /* Products */ = {
			isa = PBXGroup;
			children = (
				F24538541E248F430029FEAD /* AlamofireCustom.app */,
			);
			name = Products;
			sourceTree = "<group>";
		};
		F24538561E248F430029FEAD /* AlamofireCustom */ = {
			isa = PBXGroup;
			children = (
				F24538771E24B0A30029FEAD /* Alamofire+custom */,
				F24538761E24994B0029FEAD /* AlamofireCustom-Bridging-Header.h */,
				F245386B1E24968F0029FEAD /* Extension */,
				F24538571E248F430029FEAD /* AppDelegate.swift */,
				F24538591E248F430029FEAD /* ViewController.swift */,
				F245385B1E248F430029FEAD /* Main.storyboard */,
				F245385E1E248F430029FEAD /* Assets.xcassets */,
				F24538601E248F430029FEAD /* LaunchScreen.storyboard */,
				F24538631E248F430029FEAD /* Info.plist */,
				F24538691E2495640029FEAD /* SignInViewControllerViewController.swift */,
			);
			path = AlamofireCustom;
			sourceTree = "<group>";
		};
		F245386B1E24968F0029FEAD /* Extension */ = {
			isa = PBXGroup;
			children = (
				F245386C1E2496C60029FEAD /* NSDictionary+Extension.swift */,
			);
			name = Extension;
			sourceTree = "<group>";
		};
		F24538771E24B0A30029FEAD /* Alamofire+custom */ = {
			isa = PBXGroup;
			children = (
				F24538781E24B0DF0029FEAD /* QuyAlamofire.swift */,
			);
			name = "Alamofire+custom";
			sourceTree = "<group>";
		};
		F2F20E3E1E2605D900280BA8 /* Products */ = {
			isa = PBXGroup;
			children = (
				F2F20E421E2605DA00280BA8 /* libwelfare-core-ios.a */,
			);
			name = Products;
			sourceTree = "<group>";
		};
/* End PBXGroup section */

/* Begin PBXNativeTarget section */
		F24538531E248F430029FEAD /* AlamofireCustom */ = {
			isa = PBXNativeTarget;
			buildConfigurationList = F24538661E248F430029FEAD /* Build configuration list for PBXNativeTarget "AlamofireCustom" */;
			buildPhases = (
				E3E9A51805F431AE41BECF61 /* [CP] Check Pods Manifest.lock */,
				F24538501E248F430029FEAD /* Sources */,
				F24538511E248F430029FEAD /* Frameworks */,
				F24538521E248F430029FEAD /* Resources */,
				AB1844EA33671860D8D04266 /* [CP] Embed Pods Frameworks */,
				AF79783CEA6EECF5E7FF20C8 /* [CP] Copy Pods Resources */,
			);
			buildRules = (
			);
			dependencies = (
			);
			name = AlamofireCustom;
			productName = AlamofireCustom;
			productReference = F24538541E248F430029FEAD /* AlamofireCustom.app */;
			productType = "com.apple.product-type.application";
		};
/* End PBXNativeTarget section */

/* Begin PBXProject section */
		F245384C1E248F430029FEAD /* Project object */ = {
			isa = PBXProject;
			attributes = {
				LastSwiftUpdateCheck = 0820;
				LastUpgradeCheck = 0820;
				ORGANIZATIONNAME = Quy;
				TargetAttributes = {
					F24538531E248F430029FEAD = {
						CreatedOnToolsVersion = 8.2.1;
						LastSwiftMigration = 0820;
						ProvisioningStyle = Automatic;
					};
				};
			};
			buildConfigurationList = F245384F1E248F430029FEAD /* Build configuration list for PBXProject "AlamofireCustom" */;
			compatibilityVersion = "Xcode 3.2";
			developmentRegion = English;
			hasScannedForEncodings = 0;
			knownRegions = (
				en,
				Base,
			);
			mainGroup = F245384B1E248F430029FEAD;
			productRefGroup = F24538551E248F430029FEAD /* Products */;
			projectDirPath = "";
			projectReferences = (
				{
					ProductGroup = F2F20E3E1E2605D900280BA8 /* Products */;
					ProjectRef = F2F20E3D1E2605D900280BA8 /* welfare-core-ios.xcodeproj */;
				},
			);
			projectRoot = "";
			targets = (
				F24538531E248F430029FEAD /* AlamofireCustom */,
			);
		};
/* End PBXProject section */

/* Begin PBXReferenceProxy section */
		F2F20E421E2605DA00280BA8 /* libwelfare-core-ios.a */ = {
			isa = PBXReferenceProxy;
			fileType = archive.ar;
			path = "libwelfare-core-ios.a";
			remoteRef = F2F20E411E2605DA00280BA8 /* PBXContainerItemProxy */;
			sourceTree = BUILT_PRODUCTS_DIR;
		};
/* End PBXReferenceProxy section */

/* Begin PBXResourcesBuildPhase section */
		F24538521E248F430029FEAD /* Resources */ = {
			isa = PBXResourcesBuildPhase;
			buildActionMask = 2147483647;
			files = (
				F24538621E248F430029FEAD /* LaunchScreen.storyboard in Resources */,
				F245385F1E248F430029FEAD /* Assets.xcassets in Resources */,
				F245385D1E248F430029FEAD /* Main.storyboard in Resources */,
			);
			runOnlyForDeploymentPostprocessing = 0;
		};
/* End PBXResourcesBuildPhase section */

/* Begin PBXShellScriptBuildPhase section */
		AB1844EA33671860D8D04266 /* [CP] Embed Pods Frameworks */ = {
			isa = PBXShellScriptBuildPhase;
			buildActionMask = 2147483647;
			files = (
			);
			inputPaths = (
			);
			name = "[CP] Embed Pods Frameworks";
			outputPaths = (
			);
			runOnlyForDeploymentPostprocessing = 0;
			shellPath = /bin/sh;
			shellScript = "\"${SRCROOT}/Pods/Target Support Files/Pods-AlamofireCustom/Pods-AlamofireCustom-frameworks.sh\"\n";
			showEnvVarsInLog = 0;
		};
		AF79783CEA6EECF5E7FF20C8 /* [CP] Copy Pods Resources */ = {
			isa = PBXShellScriptBuildPhase;
			buildActionMask = 2147483647;
			files = (
			);
			inputPaths = (
			);
			name = "[CP] Copy Pods Resources";
			outputPaths = (
			);
			runOnlyForDeploymentPostprocessing = 0;
			shellPath = /bin/sh;
			shellScript = "\"${SRCROOT}/Pods/Target Support Files/Pods-AlamofireCustom/Pods-AlamofireCustom-resources.sh\"\n";
			showEnvVarsInLog = 0;
		};
		E3E9A51805F431AE41BECF61 /* [CP] Check Pods Manifest.lock */ = {
			isa = PBXShellScriptBuildPhase;
			buildActionMask = 2147483647;
			files = (
			);
			inputPaths = (
			);
			name = "[CP] Check Pods Manifest.lock";
			outputPaths = (
			);
			runOnlyForDeploymentPostprocessing = 0;
			shellPath = /bin/sh;
			shellScript = "diff \"${PODS_ROOT}/../Podfile.lock\" \"${PODS_ROOT}/Manifest.lock\" > /dev/null\nif [ $? != 0 ] ; then\n    # print error to STDERR\n    echo \"error: The sandbox is not in sync with the Podfile.lock. Run 'pod install' or update your CocoaPods installation.\" >&2\n    exit 1\nfi\n";
			showEnvVarsInLog = 0;
		};
/* End PBXShellScriptBuildPhase section */

/* Begin PBXSourcesBuildPhase section */
		F24538501E248F430029FEAD /* Sources */ = {
			isa = PBXSourcesBuildPhase;
			buildActionMask = 2147483647;
			files = (
				F245385A1E248F430029FEAD /* ViewController.swift in Sources */,
				F24538581E248F430029FEAD /* AppDelegate.swift in Sources */,
				F245386D1E2496C60029FEAD /* NSDictionary+Extension.swift in Sources */,
				F24538791E24B0DF0029FEAD /* QuyAlamofire.swift in Sources */,
				F245386A1E2495640029FEAD /* SignInViewControllerViewController.swift in Sources */,
			);
			runOnlyForDeploymentPostprocessing = 0;
		};
/* End PBXSourcesBuildPhase section */

/* Begin PBXVariantGroup section */
		F245385B1E248F430029FEAD /* Main.storyboard */ = {
			isa = PBXVariantGroup;
			children = (
				F245385C1E248F430029FEAD /* Base */,
			);
			name = Main.storyboard;
			sourceTree = "<group>";
		};
		F24538601E248F430029FEAD /* LaunchScreen.storyboard */ = {
			isa = PBXVariantGroup;
			children = (
				F24538611E248F430029FEAD /* Base */,
			);
			name = LaunchScreen.storyboard;
			sourceTree = "<group>";
		};
/* End PBXVariantGroup section */

/* Begin XCBuildConfiguration section */
		F24538641E248F430029FEAD /* Debug */ = {
			isa = XCBuildConfiguration;
			buildSettings = {
				ALWAYS_SEARCH_USER_PATHS = NO;
				CLANG_ANALYZER_NONNULL = YES;
				CLANG_CXX_LANGUAGE_STANDARD = "gnu++0x";
				CLANG_CXX_LIBRARY = "libc++";
				CLANG_ENABLE_MODULES = YES;
				CLANG_ENABLE_OBJC_ARC = YES;
				CLANG_WARN_BOOL_CONVERSION = YES;
				CLANG_WARN_CONSTANT_CONVERSION = YES;
				CLANG_WARN_DIRECT_OBJC_ISA_USAGE = YES_ERROR;
				CLANG_WARN_DOCUMENTATION_COMMENTS = YES;
				CLANG_WARN_EMPTY_BODY = YES;
				CLANG_WARN_ENUM_CONVERSION = YES;
				CLANG_WARN_INFINITE_RECURSION = YES;
				CLANG_WARN_INT_CONVERSION = YES;
				CLANG_WARN_OBJC_ROOT_CLASS = YES_ERROR;
				CLANG_WARN_SUSPICIOUS_MOVE = YES;
				CLANG_WARN_UNREACHABLE_CODE = YES;
				CLANG_WARN__DUPLICATE_METHOD_MATCH = YES;
				"CODE_SIGN_IDENTITY[sdk=iphoneos*]" = "iPhone Developer";
				COPY_PHASE_STRIP = NO;
				DEBUG_INFORMATION_FORMAT = dwarf;
				ENABLE_STRICT_OBJC_MSGSEND = YES;
				ENABLE_TESTABILITY = YES;
				GCC_C_LANGUAGE_STANDARD = gnu99;
				GCC_DYNAMIC_NO_PIC = NO;
				GCC_NO_COMMON_BLOCKS = YES;
				GCC_OPTIMIZATION_LEVEL = 0;
				GCC_PREPROCESSOR_DEFINITIONS = (
					"DEBUG=1",
					"$(inherited)",
				);
				GCC_WARN_64_TO_32_BIT_CONVERSION = YES;
				GCC_WARN_ABOUT_RETURN_TYPE = YES_ERROR;
				GCC_WARN_UNDECLARED_SELECTOR = YES;
				GCC_WARN_UNINITIALIZED_AUTOS = YES_AGGRESSIVE;
				GCC_WARN_UNUSED_FUNCTION = YES;
				GCC_WARN_UNUSED_VARIABLE = YES;
				IPHONEOS_DEPLOYMENT_TARGET = 10.2;
				MTL_ENABLE_DEBUG_INFO = YES;
				ONLY_ACTIVE_ARCH = YES;
				SDKROOT = iphoneos;
				SWIFT_ACTIVE_COMPILATION_CONDITIONS = DEBUG;
				SWIFT_OPTIMIZATION_LEVEL = "-Onone";
				TARGETED_DEVICE_FAMILY = "1,2";
			};
			name = Debug;
		};
		F24538651E248F430029FEAD /* Release */ = {
			isa = XCBuildConfiguration;
			buildSettings = {
				ALWAYS_SEARCH_USER_PATHS = NO;
				CLANG_ANALYZER_NONNULL = YES;
				CLANG_CXX_LANGUAGE_STANDARD = "gnu++0x";
				CLANG_CXX_LIBRARY = "libc++";
				CLANG_ENABLE_MODULES = YES;
				CLANG_ENABLE_OBJC_ARC = YES;
				CLANG_WARN_BOOL_CONVERSION = YES;
				CLANG_WARN_CONSTANT_CONVERSION = YES;
				CLANG_WARN_DIRECT_OBJC_ISA_USAGE = YES_ERROR;
				CLANG_WARN_DOCUMENTATION_COMMENTS = YES;
				CLANG_WARN_EMPTY_BODY = YES;
				CLANG_WARN_ENUM_CONVERSION = YES;
				CLANG_WARN_INFINITE_RECURSION = YES;
				CLANG_WARN_INT_CONVERSION = YES;
				CLANG_WARN_OBJC_ROOT_CLASS = YES_ERROR;
				CLANG_WARN_SUSPICIOUS_MOVE = YES;
				CLANG_WARN_UNREACHABLE_CODE = YES;
				CLANG_WARN__DUPLICATE_METHOD_MATCH = YES;
				"CODE_SIGN_IDENTITY[sdk=iphoneos*]" = "iPhone Developer";
				COPY_PHASE_STRIP = NO;
				DEBUG_INFORMATION_FORMAT = "dwarf-with-dsym";
				ENABLE_NS_ASSERTIONS = NO;
				ENABLE_STRICT_OBJC_MSGSEND = YES;
				GCC_C_LANGUAGE_STANDARD = gnu99;
				GCC_NO_COMMON_BLOCKS = YES;
				GCC_WARN_64_TO_32_BIT_CONVERSION = YES;
				GCC_WARN_ABOUT_RETURN_TYPE = YES_ERROR;
				GCC_WARN_UNDECLARED_SELECTOR = YES;
				GCC_WARN_UNINITIALIZED_AUTOS = YES_AGGRESSIVE;
				GCC_WARN_UNUSED_FUNCTION = YES;
				GCC_WARN_UNUSED_VARIABLE = YES;
				IPHONEOS_DEPLOYMENT_TARGET = 10.2;
				MTL_ENABLE_DEBUG_INFO = NO;
				SDKROOT = iphoneos;
				SWIFT_OPTIMIZATION_LEVEL = "-Owholemodule";
				TARGETED_DEVICE_FAMILY = "1,2";
				VALIDATE_PRODUCT = YES;
			};
			name = Release;
		};
		F24538671E248F430029FEAD /* Debug */ = {
			isa = XCBuildConfiguration;
			baseConfigurationReference = 97E5294FABD19AFA5B33DEBE /* Pods-AlamofireCustom.debug.xcconfig */;
			buildSettings = {
				ASSETCATALOG_COMPILER_APPICON_NAME = AppIcon;
				CLANG_ENABLE_MODULES = YES;
				INFOPLIST_FILE = AlamofireCustom/Info.plist;
				LD_RUNPATH_SEARCH_PATHS = "$(inherited) @executable_path/Frameworks";
				PRODUCT_BUNDLE_IDENTIFIER = quy.com.AlamofireCustom;
				PRODUCT_NAME = "$(TARGET_NAME)";
				SWIFT_OBJC_BRIDGING_HEADER = "/Users/quy/Desktop/Alamofire-custom/AlamofireCustom-Bridging-Header.h";
				SWIFT_OPTIMIZATION_LEVEL = "-Onone";
				SWIFT_VERSION = 3.0;
			};
			name = Debug;
		};
		F24538681E248F430029FEAD /* Release */ = {
			isa = XCBuildConfiguration;
			baseConfigurationReference = 904C34FDE022AF7ECFDE8560 /* Pods-AlamofireCustom.release.xcconfig */;
			buildSettings = {
				ASSETCATALOG_COMPILER_APPICON_NAME = AppIcon;
				CLANG_ENABLE_MODULES = YES;
				INFOPLIST_FILE = AlamofireCustom/Info.plist;
				LD_RUNPATH_SEARCH_PATHS = "$(inherited) @executable_path/Frameworks";
				PRODUCT_BUNDLE_IDENTIFIER = quy.com.AlamofireCustom;
				PRODUCT_NAME = "$(TARGET_NAME)";
				SWIFT_OBJC_BRIDGING_HEADER = "/Users/quy/Desktop/Alamofire-custom/AlamofireCustom-Bridging-Header.h";
				SWIFT_VERSION = 3.0;
			};
			name = Release;
		};
/* End XCBuildConfiguration section */

/* Begin XCConfigurationList section */
		F245384F1E248F430029FEAD /* Build configuration list for PBXProject "AlamofireCustom" */ = {
			isa = XCConfigurationList;
			buildConfigurations = (
				F24538641E248F430029FEAD /* Debug */,
				F24538651E248F430029FEAD /* Release */,
			);
			defaultConfigurationIsVisible = 0;
			defaultConfigurationName = Release;
		};
		F24538661E248F430029FEAD /* Build configuration list for PBXNativeTarget "AlamofireCustom" */ = {
			isa = XCConfigurationList;
			buildConfigurations = (
				F24538671E248F430029FEAD /* Debug */,
				F24538681E248F430029FEAD /* Release */,
			);
			defaultConfigurationIsVisible = 0;
			defaultConfigurationName = Release;
		};
/* End XCConfigurationList section */
	};
	rootObject = F245384C1E248F430029FEAD /* Project object */;
}
